
Microsoft Visual Studio Solution File, Format Version 12.00
# Visual Studio Version 17
VisualStudioVersion = 17.5.33502.453
MinimumVisualStudioVersion = 10.0.40219.1
Project("{FAE04EC0-301F-11D3-BF4B-00C04F79EFBC}") = "WindowFramePlugin.View", "WindowFramePlugin.View\WindowFramePlugin.View.csproj", "{74485DB7-C556-4FA2-9683-A63D2FE66E21}"
EndProject
Project("{FAE04EC0-301F-11D3-BF4B-00C04F79EFBC}") = "PhotoFramePlugin.Model", "PhotoFramePlugin.Model\PhotoFramePlugin.Model.csproj", "{370CEC4F-B5B5-4833-A181-93EEFE47B718}"
EndProject
Global
	GlobalSection(SolutionConfigurationPlatforms) = preSolution
		Debug|Any CPU = Debug|Any CPU
		Release|Any CPU = Release|Any CPU
	EndGlobalSection
	GlobalSection(ProjectConfigurationPlatforms) = postSolution
		{74485DB7-C556-4FA2-9683-A63D2FE66E21}.Debug|Any CPU.ActiveCfg = Debug|Any CPU
		{74485DB7-C556-4FA2-9683-A63D2FE66E21}.Debug|Any CPU.Build.0 = Debug|Any CPU
		{74485DB7-C556-4FA2-9683-A63D2FE66E21}.Release|Any CPU.ActiveCfg = Release|Any CPU
		{74485DB7-C556-4FA2-9683-A63D2FE66E21}.Release|Any CPU.Build.0 = Release|Any CPU
		{370CEC4F-B5B5-4833-A181-93EEFE47B718}.Debug|Any CPU.ActiveCfg = Debug|Any CPU
		{370CEC4F-B5B5-4833-A181-93EEFE47B718}.Debug|Any CPU.Build.0 = Debug|Any CPU
		{370CEC4F-B5B5-4833-A181-93EEFE47B718}.Release|Any CPU.ActiveCfg = Release|Any CPU
		{370CEC4F-B5B5-4833-A181-93EEFE47B718}.Release|Any CPU.Build.0 = Release|Any CPU
	EndGlobalSection
	GlobalSection(SolutionProperties) = preSolution
		HideSolutionNode = FALSE
	EndGlobalSection
	GlobalSection(ExtensibilityGlobals) = postSolution
		SolutionGuid = {14ADF6AA-F466-491C-94E2-25EE7CAAA60E}
	EndGlobalSection
EndGlobal
