
Microsoft Visual Studio Solution File, Format Version 12.00
# Visual Studio Version 17
VisualStudioVersion = 17.5.33502.453
MinimumVisualStudioVersion = 10.0.40219.1
Project("{FAE04EC0-301F-11D3-BF4B-00C04F79EFBC}") = "WindowFramePlugin.View", "WindowFramePlugin.View\WindowFramePlugin.View.csproj", "{808459A8-4744-4AC4-B137-AE87FD6CF6EA}"
EndProject
Project("{FAE04EC0-301F-11D3-BF4B-00C04F79EFBC}") = "WindowFramePlugin.Model", "WindowFramePlugin.Model\WindowFramePlugin.Model.csproj", "{2BAD51BB-C38B-4778-AEC0-FDC76ABBBE62}"
EndProject
Project("{FAE04EC0-301F-11D3-BF4B-00C04F79EFBC}") = "WindowFramePlugin.Wrapper", "WindowFramePlugin.Wrapper\WindowFramePlugin.Wrapper.csproj", "{DDAD4B0D-5E20-4C04-B686-76656CF0315C}"
EndProject
Project("{FAE04EC0-301F-11D3-BF4B-00C04F79EFBC}") = "WindowFramePlugin.UnitTests", "Testing\WindowFramePlugin.Model.UnitTests\WindowFramePlugin.UnitTests.csproj", "{8D3B285B-2CB0-4C4C-B5A0-269DA4D4CD20}"
EndProject
Global
	GlobalSection(SolutionConfigurationPlatforms) = preSolution
		Debug|Any CPU = Debug|Any CPU
		Release|Any CPU = Release|Any CPU
	EndGlobalSection
	GlobalSection(ProjectConfigurationPlatforms) = postSolution
		{808459A8-4744-4AC4-B137-AE87FD6CF6EA}.Debug|Any CPU.ActiveCfg = Debug|Any CPU
		{808459A8-4744-4AC4-B137-AE87FD6CF6EA}.Debug|Any CPU.Build.0 = Debug|Any CPU
		{808459A8-4744-4AC4-B137-AE87FD6CF6EA}.Release|Any CPU.ActiveCfg = Release|Any CPU
		{808459A8-4744-4AC4-B137-AE87FD6CF6EA}.Release|Any CPU.Build.0 = Release|Any CPU
		{2BAD51BB-C38B-4778-AEC0-FDC76ABBBE62}.Debug|Any CPU.ActiveCfg = Debug|Any CPU
		{2BAD51BB-C38B-4778-AEC0-FDC76ABBBE62}.Debug|Any CPU.Build.0 = Debug|Any CPU
		{2BAD51BB-C38B-4778-AEC0-FDC76ABBBE62}.Release|Any CPU.ActiveCfg = Release|Any CPU
		{2BAD51BB-C38B-4778-AEC0-FDC76ABBBE62}.Release|Any CPU.Build.0 = Release|Any CPU
		{DDAD4B0D-5E20-4C04-B686-76656CF0315C}.Debug|Any CPU.ActiveCfg = Debug|Any CPU
		{DDAD4B0D-5E20-4C04-B686-76656CF0315C}.Debug|Any CPU.Build.0 = Debug|Any CPU
		{DDAD4B0D-5E20-4C04-B686-76656CF0315C}.Release|Any CPU.ActiveCfg = Release|Any CPU
		{DDAD4B0D-5E20-4C04-B686-76656CF0315C}.Release|Any CPU.Build.0 = Release|Any CPU
		{8D3B285B-2CB0-4C4C-B5A0-269DA4D4CD20}.Debug|Any CPU.ActiveCfg = Debug|Any CPU
		{8D3B285B-2CB0-4C4C-B5A0-269DA4D4CD20}.Debug|Any CPU.Build.0 = Debug|Any CPU
		{8D3B285B-2CB0-4C4C-B5A0-269DA4D4CD20}.Release|Any CPU.ActiveCfg = Release|Any CPU
		{8D3B285B-2CB0-4C4C-B5A0-269DA4D4CD20}.Release|Any CPU.Build.0 = Release|Any CPU
	EndGlobalSection
	GlobalSection(SolutionProperties) = preSolution
		HideSolutionNode = FALSE
	EndGlobalSection
	GlobalSection(ExtensibilityGlobals) = postSolution
		SolutionGuid = {3C8B8987-C495-4688-A29A-8CF61F3B6ED6}
	EndGlobalSection
EndGlobal
